// !$*UTF8*$!
{
	archiveVersion = 1;
	classes = {
	};
	objectVersion = 46;
	objects = {

/* Begin PBXBuildFile section */
		C82612AD1DB39851006646FE /* main.m in Sources */ = {isa = PBXBuildFile; fileRef = C82612AC1DB39851006646FE /* main.m */; };
		C82612B01DB39851006646FE /* AppDelegate.m in Sources */ = {isa = PBXBuildFile; fileRef = C82612AF1DB39851006646FE /* AppDelegate.m */; };
		C82612B31DB39851006646FE /* C4TabBarViewController.m in Sources */ = {isa = PBXBuildFile; fileRef = C82612B21DB39851006646FE /* C4TabBarViewController.m */; };
		C82612B61DB39851006646FE /* Main.storyboard in Resources */ = {isa = PBXBuildFile; fileRef = C82612B41DB39851006646FE /* Main.storyboard */; };
		C82612B81DB39851006646FE /* Assets.xcassets in Resources */ = {isa = PBXBuildFile; fileRef = C82612B71DB39851006646FE /* Assets.xcassets */; };
		C82612BB1DB39851006646FE /* LaunchScreen.storyboard in Resources */ = {isa = PBXBuildFile; fileRef = C82612B91DB39851006646FE /* LaunchScreen.storyboard */; };
		C8EE2C911DB3A68900DA6AF8 /* UIImage+C4_Color.m in Sources */ = {isa = PBXBuildFile; fileRef = C8EE2C901DB3A68900DA6AF8 /* UIImage+C4_Color.m */; };
/* End PBXBuildFile section */

/* Begin PBXFileReference section */
		C82612A81DB39851006646FE /* Code4App.app */ = {isa = PBXFileReference; explicitFileType = wrapper.application; includeInIndex = 0; path = Code4App.app; sourceTree = BUILT_PRODUCTS_DIR; };
		C82612AC1DB39851006646FE /* main.m */ = {isa = PBXFileReference; lastKnownFileType = sourcecode.c.objc; path = main.m; sourceTree = "<group>"; };
		C82612AE1DB39851006646FE /* AppDelegate.h */ = {isa = PBXFileReference; lastKnownFileType = sourcecode.c.h; path = AppDelegate.h; sourceTree = "<group>"; };
		C82612AF1DB39851006646FE /* AppDelegate.m */ = {isa = PBXFileReference; lastKnownFileType = sourcecode.c.objc; path = AppDelegate.m; sourceTree = "<group>"; };
		C82612B11DB39851006646FE /* C4TabBarViewController.h */ = {isa = PBXFileReference; lastKnownFileType = sourcecode.c.h; path = C4TabBarViewController.h; sourceTree = "<group>"; };
		C82612B21DB39851006646FE /* C4TabBarViewController.m */ = {isa = PBXFileReference; lastKnownFileType = sourcecode.c.objc; path = C4TabBarViewController.m; sourceTree = "<group>"; };
		C82612B51DB39851006646FE /* Base */ = {isa = PBXFileReference; lastKnownFileType = file.storyboard; name = Base; path = Base.lproj/Main.storyboard; sourceTree = "<group>"; };
		C82612B71DB39851006646FE /* Assets.xcassets */ = {isa = PBXFileReference; lastKnownFileType = folder.assetcatalog; path = Assets.xcassets; sourceTree = "<group>"; };
		C82612BA1DB39851006646FE /* Base */ = {isa = PBXFileReference; lastKnownFileType = file.storyboard; name = Base; path = Base.lproj/LaunchScreen.storyboard; sourceTree = "<group>"; };
		C82612BC1DB39851006646FE /* Info.plist */ = {isa = PBXFileReference; lastKnownFileType = text.plist.xml; path = Info.plist; sourceTree = "<group>"; };
		C82612C21DB39C97006646FE /* Define_Basic.h */ = {isa = PBXFileReference; lastKnownFileType = sourcecode.c.h; path = Define_Basic.h; sourceTree = "<group>"; };
		C82612C31DB39E1C006646FE /* Code4App-Prefix.pch */ = {isa = PBXFileReference; lastKnownFileType = sourcecode.c.h; path = "Code4App-Prefix.pch"; sourceTree = "<group>"; };
		C8EE2C8F1DB3A68900DA6AF8 /* UIImage+C4_Color.h */ = {isa = PBXFileReference; fileEncoding = 4; lastKnownFileType = sourcecode.c.h; path = "UIImage+C4_Color.h"; sourceTree = "<group>"; };
		C8EE2C901DB3A68900DA6AF8 /* UIImage+C4_Color.m */ = {isa = PBXFileReference; fileEncoding = 4; lastKnownFileType = sourcecode.c.objc; path = "UIImage+C4_Color.m"; sourceTree = "<group>"; };
/* End PBXFileReference section */

/* Begin PBXFrameworksBuildPhase section */
		C82612A51DB39851006646FE /* Frameworks */ = {
			isa = PBXFrameworksBuildPhase;
			buildActionMask = 2147483647;
			files = (
			);
			runOnlyForDeploymentPostprocessing = 0;
		};
/* End PBXFrameworksBuildPhase section */

/* Begin PBXGroup section */
		C826129F1DB39851006646FE = {
			isa = PBXGroup;
			children = (
				C82612C31DB39E1C006646FE /* Code4App-Prefix.pch */,
				C82612AA1DB39851006646FE /* Code4App */,
				C82612A91DB39851006646FE /* Products */,
			);
			sourceTree = "<group>";
		};
		C82612A91DB39851006646FE /* Products */ = {
			isa = PBXGroup;
			children = (
				C82612A81DB39851006646FE /* Code4App.app */,
			);
			name = Products;
			sourceTree = "<group>";
		};
		C82612AA1DB39851006646FE /* Code4App */ = {
			isa = PBXGroup;
			children = (
				C8EE2C871DB3A5AE00DA6AF8 /* Category */,
				C82612C21DB39C97006646FE /* Define_Basic.h */,
				C82612AE1DB39851006646FE /* AppDelegate.h */,
				C82612AF1DB39851006646FE /* AppDelegate.m */,
				C82612B11DB39851006646FE /* C4TabBarViewController.h */,
				C82612B21DB39851006646FE /* C4TabBarViewController.m */,
				C82612B41DB39851006646FE /* Main.storyboard */,
				C82612B71DB39851006646FE /* Assets.xcassets */,
				C82612B91DB39851006646FE /* LaunchScreen.storyboard */,
				C82612BC1DB39851006646FE /* Info.plist */,
				C82612AB1DB39851006646FE /* Supporting Files */,
			);
			path = Code4App;
			sourceTree = "<group>";
		};
		C82612AB1DB39851006646FE /* Supporting Files */ = {
			isa = PBXGroup;
			children = (
				C82612AC1DB39851006646FE /* main.m */,
			);
			name = "Supporting Files";
			sourceTree = "<group>";
		};
		C8EE2C871DB3A5AE00DA6AF8 /* Category */ = {
			isa = PBXGroup;
			children = (
				C8EE2C881DB3A5C100DA6AF8 /* UIImage */,
			);
			path = Category;
			sourceTree = "<group>";
		};
		C8EE2C881DB3A5C100DA6AF8 /* UIImage */ = {
			isa = PBXGroup;
			children = (
				C8EE2C8F1DB3A68900DA6AF8 /* UIImage+C4_Color.h */,
				C8EE2C901DB3A68900DA6AF8 /* UIImage+C4_Color.m */,
			);
			path = UIImage;
			sourceTree = "<group>";
		};
/* End PBXGroup section */

/* Begin PBXNativeTarget section */
		C82612A71DB39851006646FE /* Code4App */ = {
			isa = PBXNativeTarget;
			buildConfigurationList = C82612BF1DB39851006646FE /* Build configuration list for PBXNativeTarget "Code4App" */;
			buildPhases = (
				C82612A41DB39851006646FE /* Sources */,
				C82612A51DB39851006646FE /* Frameworks */,
				C82612A61DB39851006646FE /* Resources */,
			);
			buildRules = (
			);
			dependencies = (
			);
			name = Code4App;
			productName = Code4App;
			productReference = C82612A81DB39851006646FE /* Code4App.app */;
			productType = "com.apple.product-type.application";
		};
/* End PBXNativeTarget section */

/* Begin PBXProject section */
		C82612A01DB39851006646FE /* Project object */ = {
			isa = PBXProject;
			attributes = {
				LastUpgradeCheck = 0800;
				ORGANIZATIONNAME = com.imessage;
				TargetAttributes = {
					C82612A71DB39851006646FE = {
						CreatedOnToolsVersion = 8.0;
						DevelopmentTeam = 97DW55HLWV;
						ProvisioningStyle = Automatic;
					};
				};
			};
			buildConfigurationList = C82612A31DB39851006646FE /* Build configuration list for PBXProject "Code4App" */;
			compatibilityVersion = "Xcode 3.2";
			developmentRegion = English;
			hasScannedForEncodings = 0;
			knownRegions = (
				en,
				Base,
			);
			mainGroup = C826129F1DB39851006646FE;
			productRefGroup = C82612A91DB39851006646FE /* Products */;
			projectDirPath = "";
			projectRoot = "";
			targets = (
				C82612A71DB39851006646FE /* Code4App */,
			);
		};
/* End PBXProject section */

/* Begin PBXResourcesBuildPhase section */
		C82612A61DB39851006646FE /* Resources */ = {
			isa = PBXResourcesBuildPhase;
			buildActionMask = 2147483647;
			files = (
				C82612BB1DB39851006646FE /* LaunchScreen.storyboard in Resources */,
				C82612B81DB39851006646FE /* Assets.xcassets in Resources */,
				C82612B61DB39851006646FE /* Main.storyboard in Resources */,
			);
			runOnlyForDeploymentPostprocessing = 0;
		};
/* End PBXResourcesBuildPhase section */

/* Begin PBXSourcesBuildPhase section */
		C82612A41DB39851006646FE /* Sources */ = {
			isa = PBXSourcesBuildPhase;
			buildActionMask = 2147483647;
			files = (
				C82612B31DB39851006646FE /* C4TabBarViewController.m in Sources */,
				C82612B01DB39851006646FE /* AppDelegate.m in Sources */,
				C8EE2C911DB3A68900DA6AF8 /* UIImage+C4_Color.m in Sources */,
				C82612AD1DB39851006646FE /* main.m in Sources */,
			);
			runOnlyForDeploymentPostprocessing = 0;
		};
/* End PBXSourcesBuildPhase section */

/* Begin PBXVariantGroup section */
		C82612B41DB39851006646FE /* Main.storyboard */ = {
			isa = PBXVariantGroup;
			children = (
				C82612B51DB39851006646FE /* Base */,
			);
			name = Main.storyboard;
			sourceTree = "<group>";
		};
		C82612B91DB39851006646FE /* LaunchScreen.storyboard */ = {
			isa = PBXVariantGroup;
			children = (
				C82612BA1DB39851006646FE /* Base */,
			);
			name = LaunchScreen.storyboard;
			sourceTree = "<group>";
		};
/* End PBXVariantGroup section */

/* Begin XCBuildConfiguration section */
		C82612BD1DB39851006646FE /* Debug */ = {
			isa = XCBuildConfiguration;
			buildSettings = {
				ALWAYS_SEARCH_USER_PATHS = NO;
				CLANG_ANALYZER_NONNULL = YES;
				CLANG_CXX_LANGUAGE_STANDARD = "gnu++0x";
				CLANG_CXX_LIBRARY = "libc++";
				CLANG_ENABLE_MODULES = YES;
				CLANG_ENABLE_OBJC_ARC = YES;
				CLANG_WARN_BOOL_CONVERSION = YES;
				CLANG_WARN_CONSTANT_CONVERSION = YES;
				CLANG_WARN_DIRECT_OBJC_ISA_USAGE = YES_ERROR;
				CLANG_WARN_DOCUMENTATION_COMMENTS = YES;
				CLANG_WARN_EMPTY_BODY = YES;
				CLANG_WARN_ENUM_CONVERSION = YES;
				CLANG_WARN_INFINITE_RECURSION = YES;
				CLANG_WARN_INT_CONVERSION = YES;
				CLANG_WARN_OBJC_ROOT_CLASS = YES_ERROR;
				CLANG_WARN_SUSPICIOUS_MOVES = YES;
				CLANG_WARN_UNREACHABLE_CODE = YES;
				CLANG_WARN__DUPLICATE_METHOD_MATCH = YES;
				"CODE_SIGN_IDENTITY[sdk=iphoneos*]" = "iPhone Developer";
				COPY_PHASE_STRIP = NO;
				DEBUG_INFORMATION_FORMAT = dwarf;
				ENABLE_STRICT_OBJC_MSGSEND = YES;
				ENABLE_TESTABILITY = YES;
				GCC_C_LANGUAGE_STANDARD = gnu99;
				GCC_DYNAMIC_NO_PIC = NO;
				GCC_NO_COMMON_BLOCKS = YES;
				GCC_OPTIMIZATION_LEVEL = 0;
				GCC_PRECOMPILE_PREFIX_HEADER = YES;
				GCC_PREFIX_HEADER = "Code4App-Prefix.pch";
				GCC_PREPROCESSOR_DEFINITIONS = (
					"DEBUG=1",
					"$(inherited)",
				);
				GCC_WARN_64_TO_32_BIT_CONVERSION = YES;
				GCC_WARN_ABOUT_RETURN_TYPE = YES_ERROR;
				GCC_WARN_UNDECLARED_SELECTOR = YES;
				GCC_WARN_UNINITIALIZED_AUTOS = YES_AGGRESSIVE;
				GCC_WARN_UNUSED_FUNCTION = YES;
				GCC_WARN_UNUSED_VARIABLE = YES;
				IPHONEOS_DEPLOYMENT_TARGET = 10.0;
				MTL_ENABLE_DEBUG_INFO = YES;
				ONLY_ACTIVE_ARCH = YES;
				SDKROOT = iphoneos;
			};
			name = Debug;
		};
		C82612BE1DB39851006646FE /* Release */ = {
			isa = XCBuildConfiguration;
			buildSettings = {
				ALWAYS_SEARCH_USER_PATHS = NO;
				CLANG_ANALYZER_NONNULL = YES;
				CLANG_CXX_LANGUAGE_STANDARD = "gnu++0x";
				CLANG_CXX_LIBRARY = "libc++";
				CLANG_ENABLE_MODULES = YES;
				CLANG_ENABLE_OBJC_ARC = YES;
				CLANG_WARN_BOOL_CONVERSION = YES;
				CLANG_WARN_CONSTANT_CONVERSION = YES;
				CLANG_WARN_DIRECT_OBJC_ISA_USAGE = YES_ERROR;
				CLANG_WARN_DOCUMENTATION_COMMENTS = YES;
				CLANG_WARN_EMPTY_BODY = YES;
				CLANG_WARN_ENUM_CONVERSION = YES;
				CLANG_WARN_INFINITE_RECURSION = YES;
				CLANG_WARN_INT_CONVERSION = YES;
				CLANG_WARN_OBJC_ROOT_CLASS = YES_ERROR;
				CLANG_WARN_SUSPICIOUS_MOVES = YES;
				CLANG_WARN_UNREACHABLE_CODE = YES;
				CLANG_WARN__DUPLICATE_METHOD_MATCH = YES;
				"CODE_SIGN_IDENTITY[sdk=iphoneos*]" = "iPhone Developer";
				COPY_PHASE_STRIP = NO;
				DEBUG_INFORMATION_FORMAT = "dwarf-with-dsym";
				ENABLE_NS_ASSERTIONS = NO;
				ENABLE_STRICT_OBJC_MSGSEND = YES;
				GCC_C_LANGUAGE_STANDARD = gnu99;
				GCC_NO_COMMON_BLOCKS = YES;
				GCC_PRECOMPILE_PREFIX_HEADER = YES;
				GCC_PREFIX_HEADER = "Code4App-Prefix.pch";
				GCC_WARN_64_TO_32_BIT_CONVERSION = YES;
				GCC_WARN_ABOUT_RETURN_TYPE = YES_ERROR;
				GCC_WARN_UNDECLARED_SELECTOR = YES;
				GCC_WARN_UNINITIALIZED_AUTOS = YES_AGGRESSIVE;
				GCC_WARN_UNUSED_FUNCTION = YES;
				GCC_WARN_UNUSED_VARIABLE = YES;
				IPHONEOS_DEPLOYMENT_TARGET = 10.0;
				MTL_ENABLE_DEBUG_INFO = NO;
				SDKROOT = iphoneos;
				VALIDATE_PRODUCT = YES;
			};
			name = Release;
		};
		C82612C01DB39851006646FE /* Debug */ = {
			isa = XCBuildConfiguration;
			buildSettings = {
				ASSETCATALOG_COMPILER_APPICON_NAME = AppIcon;
				DEVELOPMENT_TEAM = 97DW55HLWV;
				INFOPLIST_FILE = Code4App/Info.plist;
				LD_RUNPATH_SEARCH_PATHS = "$(inherited) @executable_path/Frameworks";
				PRODUCT_BUNDLE_IDENTIFIER = com.imessage.Code4App;
				PRODUCT_NAME = "$(TARGET_NAME)";
			};
			name = Debug;
		};
		C82612C11DB39851006646FE /* Release */ = {
			isa = XCBuildConfiguration;
			buildSettings = {
				ASSETCATALOG_COMPILER_APPICON_NAME = AppIcon;
				DEVELOPMENT_TEAM = 97DW55HLWV;
				INFOPLIST_FILE = Code4App/Info.plist;
				LD_RUNPATH_SEARCH_PATHS = "$(inherited) @executable_path/Frameworks";
				PRODUCT_BUNDLE_IDENTIFIER = com.imessage.Code4App;
				PRODUCT_NAME = "$(TARGET_NAME)";
			};
			name = Release;
		};
/* End XCBuildConfiguration section */

/* Begin XCConfigurationList section */
		C82612A31DB39851006646FE /* Build configuration list for PBXProject "Code4App" */ = {
			isa = XCConfigurationList;
			buildConfigurations = (
				C82612BD1DB39851006646FE /* Debug */,
				C82612BE1DB39851006646FE /* Release */,
			);
			defaultConfigurationIsVisible = 0;
			defaultConfigurationName = Release;
		};
		C82612BF1DB39851006646FE /* Build configuration list for PBXNativeTarget "Code4App" */ = {
			isa = XCConfigurationList;
			buildConfigurations = (
				C82612C01DB39851006646FE /* Debug */,
				C82612C11DB39851006646FE /* Release */,
			);
			defaultConfigurationIsVisible = 0;
			defaultConfigurationName = Release;
		};
/* End XCConfigurationList section */
	};
	rootObject = C82612A01DB39851006646FE /* Project object */;
}
